
Microsoft Visual Studio Solution File, Format Version 12.00
# Visual Studio Version 16
VisualStudioVersion = 25.0.1703.3
MinimumVisualStudioVersion = 10.0.40219.1
Project("{FAE04EC0-301F-11D3-BF4B-00C04F79EFBC}") = "P335_BackEnd", "P335_BackEnd\P335_BackEnd.csproj", "{541AAC44-98AF-4003-98E5-0CA7B33CB39F}"
EndProject
Global
	GlobalSection(SolutionConfigurationPlatforms) = preSolution
		Debug|Any CPU = Debug|Any CPU
		Release|Any CPU = Release|Any CPU
	EndGlobalSection
	GlobalSection(ProjectConfigurationPlatforms) = postSolution
		{541AAC44-98AF-4003-98E5-0CA7B33CB39F}.Debug|Any CPU.ActiveCfg = Debug|Any CPU
		{541AAC44-98AF-4003-98E5-0CA7B33CB39F}.Debug|Any CPU.Build.0 = Debug|Any CPU
		{541AAC44-98AF-4003-98E5-0CA7B33CB39F}.Release|Any CPU.ActiveCfg = Release|Any CPU
		{541AAC44-98AF-4003-98E5-0CA7B33CB39F}.Release|Any CPU.Build.0 = Release|Any CPU
	EndGlobalSection
	GlobalSection(SolutionProperties) = preSolution
		HideSolutionNode = FALSE
	EndGlobalSection
	GlobalSection(ExtensibilityGlobals) = postSolution
		SolutionGuid = {A55F3213-67A6-47E5-961B-BFD6B79BF047}
	EndGlobalSection
EndGlobal
